{
  "ailang_version": "dev",
  "generated_at": "2026-03-23T16:17:24.252409Z",
  "generator": "ailang lock dev",
  "packages": [
    {
      "ailang": ">=0.9.5",
      "content_hash": "sha256:9611ba88d3040e35fea5dcee33ce508ee3781b85185fb94a5bda9a682c2fe037",
      "effects": [
        "Env"
      ],
      "exports": [
        "sunholo/config/loader"
      ],
      "interface_hash": "sha256:257cee9e65fd8d9b71106e90cd4e3920228adf49dbbf5541ef48c149a2d8c8dd",
      "name": "sunholo/config",
      "path": "/Users/mark/dev/sunholo/ailang-packages/packages/config",
      "source": "path",
      "version": "0.1.0"
    },
    {
      "ailang": ">=0.9.5",
      "content_hash": "sha256:34f88ea5038aaf6104c2aa98bd3ebccf335ec48efb2da96a0112ba557cf90a79",
      "effects": [
        "Net"
      ],
      "exports": [
        "sunholo/http_helpers/request",
        "sunholo/http_helpers/response"
      ],
      "interface_hash": "sha256:d931dc4c4b8c933dbf742d18f53c214112c666e27132ec725636658d288e2143",
      "name": "sunholo/http_helpers",
      "path": "/Users/mark/dev/sunholo/ailang-packages/packages/http-helpers",
      "source": "path",
      "version": "0.1.2"
    }
  ],
  "schema": "ailang.lock/v1",
  "schema_version": "1.0.0"
}
