{
  "ailang_version": "v0.13.0",
  "generated_at": "2026-04-20T15:50:51.461391Z",
  "generator": "ailang lock v0.13.0",
  "packages": [
    {
      "ailang": ">=0.12.1",
      "content_hash": "sha256:2ada0f0d3fecb8d1bee68540003ef7ac07339237e937ab3d8ecd9fd16f6b146f",
      "effects": [
        "Env"
      ],
      "exports": [
        "sunholo/config/loader"
      ],
      "interface_hash": "sha256:25664adc3eaba0832524fc443634997f8652d1cf693dd3ffded7c7ffc8047083",
      "name": "sunholo/config",
      "path": "/Users/mark/dev/sunholo/ailang-packages/packages/config",
      "source": "path",
      "version": "0.1.2"
    },
    {
      "ailang": ">=0.12.1",
      "content_hash": "sha256:40b433ad3cf6f2eb1be00265e6d554b7872fc8665ad6f7b1c1d7261edd76795b",
      "effects": [
        "Net"
      ],
      "exports": [
        "sunholo/http_helpers/request",
        "sunholo/http_helpers/response"
      ],
      "interface_hash": "sha256:cbedfe91ddeb989f8134dddd82c04e0cb1ce2e24844ed71f1d73971a0ce26c37",
      "name": "sunholo/http_helpers",
      "path": "/Users/mark/dev/sunholo/ailang-packages/packages/http-helpers",
      "source": "path",
      "version": "0.1.4"
    }
  ],
  "schema": "ailang.lock/v1",
  "schema_version": "1.0.0"
}
