{
  "ailang_version": "v0.51.0-29-g078463551-dirty",
  "generated_at": "2026-10-02T18:47:52.17171Z",
  "generator": "ailang lock v0.51.0-29-g078463551-dirty",
  "packages": [
    {
      "ailang": ">=0.51.0",
      "content_hash": "sha256:93930ac71941a229d04a291eca212a3e578f644dca23f48371b03d528a3a9b1c",
      "effects": [
        "Clock",
        "Declassify",
        "Env",
        "FS",
        "IO",
        "Net",
        "Rand",
        "SharedMem"
      ],
      "exports": [
        "sunholo/mcp_oauth/core",
        "sunholo/mcp_oauth/flow"
      ],
      "interface_hash": "sha256:68bee51d942080bded399aba5baec830815741ee61c1247951a080f8f59e78e1",
      "name": "sunholo/mcp_oauth",
      "path": "../..",
      "source": "path",
      "version": "0.1.0"
    }
  ],
  "schema": "ailang.lock/v1",
  "schema_version": "1.0.0"
}
