{
  "ailang_version": "v0.52.0",
  "generated_at": "2026-10-09T18:13:18.209749Z",
  "generator": "ailang lock v0.52.0",
  "packages": [
    {
      "ailang": ">=0.52.0",
      "content_hash": "sha256:4a70f8952db0ef931bfd7b4d976d89758bb10512aca321992b2317a35a466f06",
      "effects": [],
      "exports": [
        "sunholo/content_library/library"
      ],
      "interface_hash": "sha256:1ad3420f58e96b3908c82ec481d0073d74fa68c5c988b5bc03fa6f118aa02a10",
      "name": "sunholo/content_library",
      "path": "../../packages/content-library",
      "source": "path",
      "version": "0.1.0"
    },
    {
      "ailang": ">=0.40.0",
      "content_hash": "sha256:44ebfcac3317360bb5dba1198bff4891060049011aacbd9b1f67fd71f65fb6eb",
      "effects": [
        "Env",
        "IO",
        "Net"
      ],
      "exports": [
        "sunholo/decisions/decide"
      ],
      "interface_hash": "sha256:336cabf1d1cf9eeef1aba627e8c163bdfe0c1fb94d64b67f54acb80f9c11ab3e",
      "name": "sunholo/decisions",
      "source": "registry",
      "version": "0.4.0"
    },
    {
      "ailang": ">=0.52.0",
      "content_hash": "sha256:a29fb3b926162f5a0e7b514b51036e7f8225eb5c4b9bd06c9690a31a6157dc46",
      "effects": [
        "IO"
      ],
      "exports": [
        "sunholo/social_dynamics/conditions",
        "sunholo/social_dynamics/engine",
        "sunholo/social_dynamics/indicators",
        "sunholo/social_dynamics/model",
        "sunholo/social_dynamics/proposals",
        "sunholo/social_dynamics/relationships",
        "sunholo/social_dynamics/tasks",
        "sunholo/social_dynamics/wire"
      ],
      "interface_hash": "sha256:c9c965c3763a7f2410743f36a284cab64f3c196b281a7037b35bc678ec72049c",
      "name": "sunholo/social_dynamics",
      "path": "../../packages/social-dynamics",
      "source": "path",
      "version": "0.1.0"
    },
    {
      "ailang": ">=0.52.0",
      "content_hash": "sha256:055b725ae6719b92c486eb40a9cf5c5cc94d30588d2ecaa735c1b930528fe4a4",
      "effects": [
        "IO"
      ],
      "exports": [
        "sunholo/terminal_ui/ui"
      ],
      "interface_hash": "sha256:a37f0e18277e627d876f436c03cb7f94261e03b7298de91a91aee800d43b1d25",
      "name": "sunholo/terminal_ui",
      "path": "../../packages/terminal-ui",
      "source": "path",
      "version": "0.1.0"
    }
  ],
  "schema": "ailang.lock/v1",
  "schema_version": "1.0.0"
}
