{
  "ailang_version": "v0.54.0",
  "generated_at": "2026-10-10T20:48:04.459338Z",
  "generator": "ailang lock v0.54.0",
  "packages": [
    {
      "ailang": ">=0.52.0",
      "content_hash": "sha256:4a70f8952db0ef931bfd7b4d976d89758bb10512aca321992b2317a35a466f06",
      "effects": [],
      "exports": [
        "sunholo/content_library/library"
      ],
      "interface_hash": "sha256:1ad3420f58e96b3908c82ec481d0073d74fa68c5c988b5bc03fa6f118aa02a10",
      "name": "sunholo/content_library",
      "path": "../../packages/content-library",
      "source": "path",
      "version": "0.1.0"
    },
    {
      "ailang": ">=0.40.0",
      "content_hash": "sha256:44ebfcac3317360bb5dba1198bff4891060049011aacbd9b1f67fd71f65fb6eb",
      "effects": [
        "Env",
        "IO",
        "Net"
      ],
      "exports": [
        "sunholo/decisions/decide"
      ],
      "interface_hash": "sha256:336cabf1d1cf9eeef1aba627e8c163bdfe0c1fb94d64b67f54acb80f9c11ab3e",
      "name": "sunholo/decisions",
      "source": "registry",
      "version": "0.4.0"
    },
    {
      "ailang": ">=0.52.0",
      "content_hash": "sha256:d4118609633d154384af663d4c27e2328a27856f7bcb761387c302bbc45dac8a",
      "effects": [
        "IO"
      ],
      "exports": [
        "sunholo/social_dynamics/conditions",
        "sunholo/social_dynamics/engine",
        "sunholo/social_dynamics/indicators",
        "sunholo/social_dynamics/model",
        "sunholo/social_dynamics/personality",
        "sunholo/social_dynamics/proposals",
        "sunholo/social_dynamics/relationships",
        "sunholo/social_dynamics/tasks",
        "sunholo/social_dynamics/wire"
      ],
      "interface_hash": "sha256:9b3a358aa0d8e54d50343eebc1fb0cdea4824749e0110e331ad596545d1d9ed2",
      "name": "sunholo/social_dynamics",
      "path": "../../packages/social-dynamics",
      "source": "path",
      "version": "0.3.0"
    },
    {
      "ailang": ">=0.54.0",
      "content_hash": "sha256:db42d04c32402fc9b4c6b719c722c44c5081e4c3d711057c768c560f1a12680a",
      "effects": [
        "Env",
        "IO"
      ],
      "exports": [
        "sunholo/terminal_ui/adapter",
        "sunholo/terminal_ui/events",
        "sunholo/terminal_ui/text_field",
        "sunholo/terminal_ui/transcript",
        "sunholo/terminal_ui/ui",
        "sunholo/terminal_ui/widgets"
      ],
      "interface_hash": "sha256:55e71a81df5b4dacaadef2c9d4140bb9247e9649f7bb144018bb195cfa4306b5",
      "name": "sunholo/terminal_ui",
      "path": "../../packages/terminal-ui",
      "source": "path",
      "version": "0.3.0"
    }
  ],
  "schema": "ailang.lock/v1",
  "schema_version": "1.0.0"
}
