{
  "ailang_version": "dev",
  "generated_at": "2026-03-23T14:51:45.798464Z",
  "generator": "ailang lock dev",
  "packages": [
    {
      "ailang": ">=0.9.5",
      "content_hash": "sha256:9611ba88d3040e35fea5dcee33ce508ee3781b85185fb94a5bda9a682c2fe037",
      "effects": [
        "Env"
      ],
      "exports": [
        "sunholo/config/loader"
      ],
      "interface_hash": "sha256:257cee9e65fd8d9b71106e90cd4e3920228adf49dbbf5541ef48c149a2d8c8dd",
      "name": "sunholo/config",
      "path": "/Users/mark/dev/sunholo/ailang-packages/packages/config",
      "source": "path",
      "version": "0.1.0"
    },
    {
      "ailang": ">=0.9.5",
      "content_hash": "sha256:b009a900cfabdbef2688c1477c5f941befc327e9b615dfdd141c3fafbad542e0",
      "effects": [
        "Env",
        "FS",
        "Net"
      ],
      "exports": [
        "sunholo/gcp_auth/project",
        "sunholo/gcp_auth/token"
      ],
      "interface_hash": "sha256:2e381af52297f5d02ab20b70ebc79d261973b3bc664f91fb11036f086588f137",
      "name": "sunholo/gcp_auth",
      "path": "/Users/mark/dev/sunholo/ailang-packages/packages/gcp-auth",
      "source": "path",
      "version": "0.1.0"
    }
  ],
  "schema": "ailang.lock/v1",
  "schema_version": "1.0.0"
}
