{
  "ailang_version": "v0.30.0-40-ge2017f672-dirty",
  "generated_at": "2026-07-20T10:47:48.283481Z",
  "generator": "ailang lock v0.30.0-40-ge2017f672-dirty",
  "packages": [
    {
      "ailang": ">=0.17.0",
      "content_hash": "sha256:60d6ec4684d6bf80d1ec800efda7aa598ccbebcbf529dd6c760fd10c5c101956",
      "effects": [],
      "exports": [
        "sunholo/motoko_ext_abi/types"
      ],
      "interface_hash": "sha256:b7c7cb6f878bbe2719481a152e21eb27e699dafaf007bf0093397e7c10580f92",
      "name": "sunholo/motoko_ext_abi",
      "source": "registry",
      "version": "2.2.0"
    },
    {
      "ailang": ">=0.30.0",
      "content_hash": "sha256:209b7c8b0e6fc4b93a4299cceb2502031b1cb7b1ef7e8f4f95e89a65c6922cd8",
      "effects": [
        "AI",
        "Clock",
        "Env",
        "FS",
        "IO",
        "Net",
        "Process",
        "SharedMem",
        "Stream"
      ],
      "exports": [
        "sunholo/motoko_ext_ai_compat/ai_compat"
      ],
      "interface_hash": "sha256:ab34eb0ac07f2d98b78e2c5ecd5626bef3f33cebaba088f7f570e7907369bcd3",
      "name": "sunholo/motoko_ext_ai_compat",
      "path": "/Users/voightkampff/dev/sunholo-data/ailang-packages/packages/motoko-ext-ai-compat",
      "source": "path",
      "version": "0.2.2"
    }
  ],
  "schema": "ailang.lock/v1",
  "schema_version": "1.0.0"
}
