{
  "ailang_version": "v0.18.11",
  "generated_at": "2026-05-11T19:20:07.69446Z",
  "generator": "ailang lock v0.18.11",
  "packages": [
    {
      "ailang": ">=0.17.0",
      "content_hash": "sha256:7bdf01f7edfab730f58835145d09596b6725ee7876d5037ee078085d2e6dc87c",
      "effects": [],
      "exports": [
        "sunholo/motoko_ext_abi/types"
      ],
      "interface_hash": "sha256:b7c7cb6f878bbe2719481a152e21eb27e699dafaf007bf0093397e7c10580f92",
      "name": "sunholo/motoko_ext_abi",
      "source": "registry",
      "version": "2.1.0"
    },
    {
      "content_hash": "sha256:f11fc739327a0a4d80c4a1b6c33b05217f8f292c6024da015ab451bd13b98bfa",
      "effects": [
        "AI",
        "IO",
        "Net",
        "Stream"
      ],
      "exports": [
        "sunholo/motoko_ext_ai_compat/ai_compat"
      ],
      "interface_hash": "sha256:478e6c07b33518465ccfe823790b7acdfc1a6b3423736c3eefef62f804c7c9ec",
      "name": "sunholo/motoko_ext_ai_compat",
      "path": "/Users/mark/dev/sunholo/ailang-packages/packages/motoko-ext-ai-compat",
      "source": "path",
      "version": "0.1.0"
    }
  ],
  "schema": "ailang.lock/v1",
  "schema_version": "1.0.0"
}
