{
  "ailang_version": "dev",
  "generated_at": "2026-03-23T16:17:23.662236Z",
  "generator": "ailang lock dev",
  "packages": [
    {
      "ailang": ">=0.9.5",
      "content_hash": "sha256:8803454432956d6a9db7b664f89da714520b01a3ae15f5fb7b126017ec11b734",
      "effects": [],
      "exports": [
        "sunholo/billing_entitlements/capability_check",
        "sunholo/billing_entitlements/entitlement",
        "sunholo/billing_entitlements/plan",
        "sunholo/billing_entitlements/quota_policy",
        "sunholo/billing_entitlements/usage_policy"
      ],
      "interface_hash": "sha256:75fbc50241d2bd8e8be4bddc746c25a8736d3a2f775fda2a8380cf2b3a57e46c",
      "name": "sunholo/billing_entitlements",
      "path": "/Users/mark/dev/sunholo/ailang-packages/packages/billing-entitlements",
      "source": "path",
      "version": "0.1.0"
    },
    {
      "ailang": ">=0.9.5",
      "content_hash": "sha256:836012743e6872a6faaafa009ccd382191a98af0d34cb759d4854f84721e18bc",
      "effects": [],
      "exports": [
        "sunholo/billing_proposals/proposal",
        "sunholo/billing_proposals/proposal_summary"
      ],
      "interface_hash": "sha256:b4fa29ab99cabb1dadb75430311adb5e6ff5bdce91273d726b3a35957d3f5c17",
      "name": "sunholo/billing_proposals",
      "path": "/Users/mark/dev/sunholo/ailang-packages/packages/billing-proposals",
      "source": "path",
      "version": "0.1.0"
    },
    {
      "ailang": ">=0.9.5",
      "content_hash": "sha256:9611ba88d3040e35fea5dcee33ce508ee3781b85185fb94a5bda9a682c2fe037",
      "effects": [
        "Env"
      ],
      "exports": [
        "sunholo/config/loader"
      ],
      "interface_hash": "sha256:257cee9e65fd8d9b71106e90cd4e3920228adf49dbbf5541ef48c149a2d8c8dd",
      "name": "sunholo/config",
      "path": "/Users/mark/dev/sunholo/ailang-packages/packages/config",
      "source": "path",
      "version": "0.1.0"
    },
    {
      "ailang": ">=0.9.5",
      "content_hash": "sha256:94ad6c955fe17ab711590ecede2a19aea405811e4bc88e787a4a0108a5ea2e58",
      "effects": [
        "Env",
        "FS",
        "Net"
      ],
      "exports": [
        "sunholo/firestore/client",
        "sunholo/firestore/fields",
        "sunholo/firestore/query"
      ],
      "interface_hash": "sha256:74482ae49a8c6d4a18f9f29e0854c7ae3fa59ba0e5bdceedea9244ce34f2d38e",
      "name": "sunholo/firestore",
      "path": "/Users/mark/dev/sunholo/ailang-packages/packages/firestore",
      "source": "path",
      "version": "0.1.0"
    },
    {
      "ailang": ">=0.9.5",
      "content_hash": "sha256:b009a900cfabdbef2688c1477c5f941befc327e9b615dfdd141c3fafbad542e0",
      "effects": [
        "Env",
        "FS",
        "Net"
      ],
      "exports": [
        "sunholo/gcp_auth/project",
        "sunholo/gcp_auth/token"
      ],
      "interface_hash": "sha256:2e381af52297f5d02ab20b70ebc79d261973b3bc664f91fb11036f086588f137",
      "name": "sunholo/gcp_auth",
      "path": "/Users/mark/dev/sunholo/ailang-packages/packages/gcp-auth",
      "source": "path",
      "version": "0.1.0"
    }
  ],
  "schema": "ailang.lock/v1",
  "schema_version": "1.0.0"
}
