{
  "ailang_version": "v0.39.4-10-g6f3a96683-dirty",
  "generated_at": "2026-09-17T14:50:03.423969Z",
  "generator": "ailang lock v0.39.4-10-g6f3a96683-dirty",
  "packages": [
    {
      "ailang": ">=0.35.0",
      "content_hash": "sha256:9a8f3bdec55864abb5d8a6bbb9015dc8caf71cfc66fd33fd1740060720330c39",
      "effects": [
        "FS",
        "IO",
        "Net"
      ],
      "exports": [
        "sunholo/oauth/flow",
        "sunholo/oauth/token"
      ],
      "interface_hash": "sha256:49e4f9245b2a9fb5f916ea238d7272d57d1fe2f571a3d14d0875cd2187fef4e5",
      "name": "sunholo/oauth",
      "source": "registry",
      "version": "0.1.0"
    }
  ],
  "schema": "ailang.lock/v1",
  "schema_version": "1.0.0"
}
