{
  "ailang_version": "v0.17.0-7-ga20e96a8-dirty",
  "generated_at": "2026-05-07T15:02:24.25453Z",
  "generator": "ailang lock v0.17.0-7-ga20e96a8-dirty",
  "packages": [
    {
      "ailang": ">=0.17.0",
      "content_hash": "sha256:7944767bbaf4c14104e9cd1f4fd4ac3ce6801e2f9c071488dfacf68f8eff257c",
      "effects": [],
      "exports": [
        "sunholo/motoko_ext_abi/types"
      ],
      "interface_hash": "sha256:b7c7cb6f878bbe2719481a152e21eb27e699dafaf007bf0093397e7c10580f92",
      "name": "sunholo/motoko_ext_abi",
      "path": "/Users/mark/dev/sunholo/ailang-packages/packages/motoko-ext-abi",
      "source": "path",
      "version": "1.0.0"
    }
  ],
  "schema": "ailang.lock/v1",
  "schema_version": "1.0.0"
}
