{
  "ailang_version": "v0.18.9",
  "generated_at": "2026-05-11T11:04:37.338129Z",
  "generator": "ailang lock v0.18.9",
  "packages": [
    {
      "ailang": ">=0.17.0",
      "content_hash": "sha256:062fa027b0c22ebacc3013b76fd11300001a8ad39f09ba2cac6fc764b898b0ff",
      "effects": [],
      "exports": [
        "sunholo/motoko_ext_abi/types"
      ],
      "interface_hash": "sha256:b7c7cb6f878bbe2719481a152e21eb27e699dafaf007bf0093397e7c10580f92",
      "name": "sunholo/motoko_ext_abi",
      "source": "registry",
      "version": "2.0.0"
    }
  ],
  "schema": "ailang.lock/v1",
  "schema_version": "1.0.0"
}
