{
  "ailang_version": "v0.52.3",
  "generated_at": "2026-10-07T16:07:26.024345Z",
  "generator": "ailang lock v0.52.3",
  "packages": [
    {
      "ailang": ">=0.52.3",
      "content_hash": "sha256:b2f6e161d5daf33f8cd6175fc8ca07244959920876fd3a45547ae14186cf3e7c",
      "effects": [
        "Clock",
        "Declassify",
        "Env",
        "FS",
        "IO",
        "Net",
        "Rand",
        "SharedMem"
      ],
      "exports": [
        "sunholo/mcp_files/core",
        "sunholo/mcp_files/extapps_bundle",
        "sunholo/mcp_files/flow",
        "sunholo/mcp_files/widget"
      ],
      "interface_hash": "sha256:25a2ab743ba3a042521dcb6c307ea7c9099cf7cfeb6645760ee674474824de63",
      "name": "sunholo/mcp_files",
      "path": "../..",
      "source": "path",
      "version": "0.1.0"
    }
  ],
  "schema": "ailang.lock/v1",
  "schema_version": "1.0.0"
}
