{
  "ailang_version": "v0.10.1",
  "generated_at": "2026-04-01T16:36:44.230796Z",
  "generator": "ailang lock v0.10.1",
  "packages": [
    {
      "ailang": ">=0.9.2",
      "content_hash": "sha256:a3e463d35bba9cfd443bbc7e7c7f74188281be2f943c7983b2ee99f1ed89d13a",
      "effects": [
        "Env",
        "FS",
        "Net"
      ],
      "exports": [
        "sunholo/gcp_auth/project",
        "sunholo/gcp_auth/token"
      ],
      "interface_hash": "sha256:17abdd2fd451a6a7f7a570192fd1b6f302af436f94e81640a11c96366ac0aab9",
      "name": "sunholo/gcp_auth",
      "path": "/Users/mark/dev/sunholo/ailang-packages/packages/gcp-auth",
      "source": "path",
      "version": "0.8.0"
    }
  ],
  "schema": "ailang.lock/v1",
  "schema_version": "1.0.0"
}
