{
  "ailang_version": "v0.12.0-17-g089228f3-dirty",
  "generated_at": "2026-04-20T15:45:20.297136Z",
  "generator": "ailang lock v0.12.0-17-g089228f3-dirty",
  "packages": [
    {
      "ailang": ">=0.12.1",
      "content_hash": "sha256:3446eac4994d04c55cfc29fb490c911503ad2ca5c04ec491edc256509d311dee",
      "effects": [
        "Env",
        "FS",
        "Net"
      ],
      "exports": [
        "sunholo/gcp_auth/project",
        "sunholo/gcp_auth/token"
      ],
      "interface_hash": "sha256:22db0a58575c0664a3b1643c7010aa1c1619097b3b106196041e68674490ef39",
      "name": "sunholo/gcp_auth",
      "path": "/Users/mark/dev/sunholo/ailang-packages/packages/gcp-auth",
      "source": "path",
      "version": "0.8.1"
    }
  ],
  "schema": "ailang.lock/v1",
  "schema_version": "1.0.0"
}
