{
  "ailang_version": "dev",
  "generated_at": "2026-05-01T18:55:31.15013426Z",
  "generator": "ailang lock dev",
  "packages": [
    {
      "content_hash": "sha256:5af69d372a1f3ce2a7088af50374ee3be12f545a9bed5a38c3de3d8611c324e7",
      "effects": [],
      "exports": [
        "sunholo/test_pkg/hello"
      ],
      "interface_hash": "sha256:ed60356e0363eb0730d8791b75a0841b6ef73780d76fe78475eceb3089026813",
      "name": "sunholo/test_pkg",
      "source": "registry",
      "version": "0.1.0"
    }
  ],
  "schema": "ailang.lock/v1",
  "schema_version": "1.0.0"
}
