{
  "ailang_version": "dev",
  "generated_at": "2026-09-03T13:11:27.616415685Z",
  "generator": "ailang lock dev",
  "packages": [
    {
      "content_hash": "sha256:2e86e657a54bcf226f0f5589fc8fbcacff22628cb8f573f889e91b3b8827ebea",
      "effects": [],
      "exports": [
        "sunholo/test_pkg/hello"
      ],
      "interface_hash": "sha256:ed60356e0363eb0730d8791b75a0841b6ef73780d76fe78475eceb3089026813",
      "name": "sunholo/test_pkg",
      "path": "/workspace/task-88d47394/packages/test-pkg",
      "source": "path",
      "version": "0.1.3"
    }
  ],
  "schema": "ailang.lock/v1",
  "schema_version": "1.0.0"
}
