{
  "ailang_version": "dev",
  "generated_at": "2026-04-30T17:59:48.425269811Z",
  "generator": "ailang lock dev",
  "packages": [
    {
      "content_hash": "sha256:c4c71453d9221debf0d0327ca41a340e7cc16bafc5d2f43ad47dd3eb922790df",
      "effects": [],
      "exports": [
        "sunholo/test_pkg/hello"
      ],
      "interface_hash": "sha256:ed60356e0363eb0730d8791b75a0841b6ef73780d76fe78475eceb3089026813",
      "name": "sunholo/test_pkg",
      "source": "registry",
      "version": "0.0.3"
    }
  ],
  "schema": "ailang.lock/v1",
  "schema_version": "1.0.0"
}
