{
  "ailang_version": "dev",
  "generated_at": "2026-05-15T15:39:05.871952244Z",
  "generator": "ailang lock dev",
  "packages": [
    {
      "ailang": ">=0.12.1",
      "content_hash": "sha256:1580abed56d93568d51dede6ca4b3c7e64a738d2945a4a8541e58e62ff145872",
      "effects": [],
      "exports": [
        "sunholo/billing_entitlements/capability_check",
        "sunholo/billing_entitlements/entitlement",
        "sunholo/billing_entitlements/plan",
        "sunholo/billing_entitlements/quota_policy",
        "sunholo/billing_entitlements/usage_policy"
      ],
      "interface_hash": "sha256:8e4a4f51b39f0279a1eb45f783d3b550cdd91dae4825083deea06c5571cb45b4",
      "name": "sunholo/billing_entitlements",
      "path": "/workspace/task-c3797fe1/packages/billing-entitlements",
      "source": "path",
      "version": "0.4.2"
    }
  ],
  "schema": "ailang.lock/v1",
  "schema_version": "1.0.0"
}
