{
  "ailang_version": "dev",
  "generated_at": "2026-03-23T16:17:23.276962Z",
  "generator": "ailang lock dev",
  "packages": [
    {
      "ailang": ">=0.9.5",
      "content_hash": "sha256:8803454432956d6a9db7b664f89da714520b01a3ae15f5fb7b126017ec11b734",
      "effects": [],
      "exports": [
        "sunholo/billing_entitlements/capability_check",
        "sunholo/billing_entitlements/entitlement",
        "sunholo/billing_entitlements/plan",
        "sunholo/billing_entitlements/quota_policy",
        "sunholo/billing_entitlements/usage_policy"
      ],
      "interface_hash": "sha256:75fbc50241d2bd8e8be4bddc746c25a8736d3a2f775fda2a8380cf2b3a57e46c",
      "name": "sunholo/billing_entitlements",
      "path": "/Users/mark/dev/sunholo/ailang-packages/packages/billing-entitlements",
      "source": "path",
      "version": "0.1.0"
    }
  ],
  "schema": "ailang.lock/v1",
  "schema_version": "1.0.0"
}
