{
  "ailang_version": "v0.13.0",
  "generated_at": "2026-04-20T15:52:22.258138Z",
  "generator": "ailang lock v0.13.0",
  "packages": [
    {
      "ailang": ">=0.12.1",
      "content_hash": "sha256:79e77787891bd8ab3a73dd07f22133974bc10025f24b4ecee7c85d75e9bab6c2",
      "effects": [],
      "exports": [
        "sunholo/billing_entitlements/capability_check",
        "sunholo/billing_entitlements/entitlement",
        "sunholo/billing_entitlements/plan",
        "sunholo/billing_entitlements/quota_policy",
        "sunholo/billing_entitlements/usage_policy"
      ],
      "interface_hash": "sha256:8e4a4f51b39f0279a1eb45f783d3b550cdd91dae4825083deea06c5571cb45b4",
      "name": "sunholo/billing_entitlements",
      "path": "/Users/mark/dev/sunholo/ailang-packages/packages/billing-entitlements",
      "source": "path",
      "version": "0.4.1"
    }
  ],
  "schema": "ailang.lock/v1",
  "schema_version": "1.0.0"
}
