{
  "ailang_version": "v0.54.0",
  "generated_at": "2026-10-10T20:48:04.457477Z",
  "generator": "ailang lock v0.54.0",
  "packages": [
    {
      "ailang": ">=0.52.0",
      "content_hash": "sha256:d4118609633d154384af663d4c27e2328a27856f7bcb761387c302bbc45dac8a",
      "effects": [
        "IO"
      ],
      "exports": [
        "sunholo/social_dynamics/conditions",
        "sunholo/social_dynamics/engine",
        "sunholo/social_dynamics/indicators",
        "sunholo/social_dynamics/model",
        "sunholo/social_dynamics/personality",
        "sunholo/social_dynamics/proposals",
        "sunholo/social_dynamics/relationships",
        "sunholo/social_dynamics/tasks",
        "sunholo/social_dynamics/wire"
      ],
      "interface_hash": "sha256:9b3a358aa0d8e54d50343eebc1fb0cdea4824749e0110e331ad596545d1d9ed2",
      "name": "sunholo/social_dynamics",
      "path": "../../packages/social-dynamics",
      "source": "path",
      "version": "0.3.0"
    }
  ],
  "schema": "ailang.lock/v1",
  "schema_version": "1.0.0"
}
