{
  "ailang_version": "v0.52.0",
  "generated_at": "2026-10-09T11:24:00.295019Z",
  "generator": "ailang lock v0.52.0",
  "packages": [
    {
      "ailang": ">=0.52.0",
      "content_hash": "sha256:a29fb3b926162f5a0e7b514b51036e7f8225eb5c4b9bd06c9690a31a6157dc46",
      "effects": [
        "IO"
      ],
      "exports": [
        "sunholo/social_dynamics/conditions",
        "sunholo/social_dynamics/engine",
        "sunholo/social_dynamics/indicators",
        "sunholo/social_dynamics/model",
        "sunholo/social_dynamics/proposals",
        "sunholo/social_dynamics/relationships",
        "sunholo/social_dynamics/tasks",
        "sunholo/social_dynamics/wire"
      ],
      "interface_hash": "sha256:c9c965c3763a7f2410743f36a284cab64f3c196b281a7037b35bc678ec72049c",
      "name": "sunholo/social_dynamics",
      "path": "../../packages/social-dynamics",
      "source": "path",
      "version": "0.1.0"
    }
  ],
  "schema": "ailang.lock/v1",
  "schema_version": "1.0.0"
}
