{
  "ailang_version": "dev",
  "generated_at": "2026-05-17T19:38:32.375543324Z",
  "generator": "ailang lock dev",
  "packages": [
    {
      "ailang": ">=0.17.0",
      "content_hash": "sha256:60d6ec4684d6bf80d1ec800efda7aa598ccbebcbf529dd6c760fd10c5c101956",
      "effects": [],
      "exports": [
        "sunholo/motoko_ext_abi/types"
      ],
      "interface_hash": "sha256:b7c7cb6f878bbe2719481a152e21eb27e699dafaf007bf0093397e7c10580f92",
      "name": "sunholo/motoko_ext_abi",
      "source": "registry",
      "version": "2.2.0"
    }
  ],
  "schema": "ailang.lock/v1",
  "schema_version": "1.0.0"
}
