{
  "ailang_version": "dev",
  "generated_at": "2026-05-17T19:40:23.674935949Z",
  "generator": "ailang lock dev",
  "packages": [
    {
      "ailang": ">=0.17.0",
      "content_hash": "sha256:60d6ec4684d6bf80d1ec800efda7aa598ccbebcbf529dd6c760fd10c5c101956",
      "effects": [],
      "exports": [
        "sunholo/motoko_ext_abi/types"
      ],
      "interface_hash": "sha256:b7c7cb6f878bbe2719481a152e21eb27e699dafaf007bf0093397e7c10580f92",
      "name": "sunholo/motoko_ext_abi",
      "source": "registry",
      "version": "2.2.0"
    },
    {
      "ailang": ">=0.18.11",
      "content_hash": "sha256:4e649cbc5355bad5a6ad01d608a7988f2eb0f9bb21fb59f8f49de749a07cfd46",
      "effects": [
        "Env",
        "FS",
        "IO",
        "Process"
      ],
      "exports": [
        "sunholo/motoko_ext_mcp/assets",
        "sunholo/motoko_ext_mcp/compress",
        "sunholo/motoko_ext_mcp/exec",
        "sunholo/motoko_ext_mcp/mcp",
        "sunholo/motoko_ext_mcp/register",
        "sunholo/motoko_ext_mcp/resolve",
        "sunholo/motoko_ext_mcp/types"
      ],
      "interface_hash": "sha256:b54212453e0e57926c515dfcd4075235c4b5c20ec7e530a6d72431a3ac7ee77c",
      "name": "sunholo/motoko_ext_mcp",
      "path": "/workspace/task-5f3cd23a/packages/motoko-ext-mcp",
      "source": "path",
      "version": "0.2.3"
    }
  ],
  "schema": "ailang.lock/v1",
  "schema_version": "1.0.0"
}
